{
  "name": "@heidi/tsconfig",
  "version": "0.1.0",
  "lockfileVersion": 3,
  "requires": true,
  "packages": {
    "": {
      "name": "@heidi/tsconfig",
      "version": "0.1.0",
      "dependencies": {
        "@heidi/tsconfig": "file:"
      }
    },
    "node_modules/@heidi/tsconfig": {
      "resolved": "",
      "link": true
    }
  }
}
